
Microsoft Visual Studio Solution File, Format Version 12.00
# Visual Studio Version 17
VisualStudioVersion = 17.13.35825.156 d17.13
MinimumVisualStudioVersion = 10.0.40219.1
Project("{FAE04EC0-301F-11D3-BF4B-00C04F79EFBC}") = "Elibrary", "Elibrary.csproj", "{9966FC5E-8888-43BC-AB78-C127E1D854AD}"
EndProject
Global
	GlobalSection(SolutionConfigurationPlatforms) = preSolution
		Debug|Any CPU = Debug|Any CPU
		Release|Any CPU = Release|Any CPU
	EndGlobalSection
	GlobalSection(ProjectConfigurationPlatforms) = postSolution
		{9966FC5E-8888-43BC-AB78-C127E1D854AD}.Debug|Any CPU.ActiveCfg = Debug|Any CPU
		{9966FC5E-8888-43BC-AB78-C127E1D854AD}.Debug|Any CPU.Build.0 = Debug|Any CPU
		{9966FC5E-8888-43BC-AB78-C127E1D854AD}.Release|Any CPU.ActiveCfg = Release|Any CPU
		{9966FC5E-8888-43BC-AB78-C127E1D854AD}.Release|Any CPU.Build.0 = Release|Any CPU
	EndGlobalSection
	GlobalSection(SolutionProperties) = preSolution
		HideSolutionNode = FALSE
	EndGlobalSection
	GlobalSection(ExtensibilityGlobals) = postSolution
		SolutionGuid = {25CF7999-1EC6-4761-B1CB-DEB455E32681}
	EndGlobalSection
EndGlobal
